// !$*UTF8*$!
{
	archiveVersion = 1;
	classes = {
	};
	objectVersion = 55;
	objects = {

/* Begin PBXBuildFile section */
		8425F6B62976E0950090CBB3 /* AppDelegate.swift in Sources */ = {isa = PBXBuildFile; fileRef = 8425F6B52976E0950090CBB3 /* AppDelegate.swift */; };
		8425F6B82976E0950090CBB3 /* SceneDelegate.swift in Sources */ = {isa = PBXBuildFile; fileRef = 8425F6B72976E0950090CBB3 /* SceneDelegate.swift */; };
		8425F6BA2976E0950090CBB3 /* ViewController.swift in Sources */ = {isa = PBXBuildFile; fileRef = 8425F6B92976E0950090CBB3 /* ViewController.swift */; };
		8425F6BF2976E0970090CBB3 /* Assets.xcassets in Resources */ = {isa = PBXBuildFile; fileRef = 8425F6BE2976E0970090CBB3 /* Assets.xcassets */; };
		8425F6C22976E0970090CBB3 /* LaunchScreen.storyboard in Resources */ = {isa = PBXBuildFile; fileRef = 8425F6C02976E0970090CBB3 /* LaunchScreen.storyboard */; };
		8425F6D02976E0A30090CBB3 /* CoachMarksView.swift in Sources */ = {isa = PBXBuildFile; fileRef = 8425F6CA2976E0A30090CBB3 /* CoachMarksView.swift */; };
		8425F6D12976E0A30090CBB3 /* FocusView.swift in Sources */ = {isa = PBXBuildFile; fileRef = 8425F6CB2976E0A30090CBB3 /* FocusView.swift */; };
		8425F6D22976E0A30090CBB3 /* BubbleView.swift in Sources */ = {isa = PBXBuildFile; fileRef = 8425F6CE2976E0A30090CBB3 /* BubbleView.swift */; };
		8425F6D32976E0A30090CBB3 /* CoachMark.swift in Sources */ = {isa = PBXBuildFile; fileRef = 8425F6CF2976E0A30090CBB3 /* CoachMark.swift */; };
		8425F6D52976E0B20090CBB3 /* Main.storyboard in Resources */ = {isa = PBXBuildFile; fileRef = 8425F6D42976E0B20090CBB3 /* Main.storyboard */; };
/* End PBXBuildFile section */

/* Begin PBXFileReference section */
		8425F6B22976E0950090CBB3 /* CoachMarks.app */ = {isa = PBXFileReference; explicitFileType = wrapper.application; includeInIndex = 0; path = CoachMarks.app; sourceTree = BUILT_PRODUCTS_DIR; };
		8425F6B52976E0950090CBB3 /* AppDelegate.swift */ = {isa = PBXFileReference; lastKnownFileType = sourcecode.swift; path = AppDelegate.swift; sourceTree = "<group>"; };
		8425F6B72976E0950090CBB3 /* SceneDelegate.swift */ = {isa = PBXFileReference; lastKnownFileType = sourcecode.swift; path = SceneDelegate.swift; sourceTree = "<group>"; };
		8425F6B92976E0950090CBB3 /* ViewController.swift */ = {isa = PBXFileReference; lastKnownFileType = sourcecode.swift; path = ViewController.swift; sourceTree = "<group>"; };
		8425F6BE2976E0970090CBB3 /* Assets.xcassets */ = {isa = PBXFileReference; lastKnownFileType = folder.assetcatalog; path = Assets.xcassets; sourceTree = "<group>"; };
		8425F6C12976E0970090CBB3 /* Base */ = {isa = PBXFileReference; lastKnownFileType = file.storyboard; name = Base; path = Base.lproj/LaunchScreen.storyboard; sourceTree = "<group>"; };
		8425F6C32976E0970090CBB3 /* Info.plist */ = {isa = PBXFileReference; lastKnownFileType = text.plist.xml; path = Info.plist; sourceTree = "<group>"; };
		8425F6CA2976E0A30090CBB3 /* CoachMarksView.swift */ = {isa = PBXFileReference; fileEncoding = 4; lastKnownFileType = sourcecode.swift; path = CoachMarksView.swift; sourceTree = "<group>"; };
		8425F6CB2976E0A30090CBB3 /* FocusView.swift */ = {isa = PBXFileReference; fileEncoding = 4; lastKnownFileType = sourcecode.swift; path = FocusView.swift; sourceTree = "<group>"; };
		8425F6CE2976E0A30090CBB3 /* BubbleView.swift */ = {isa = PBXFileReference; fileEncoding = 4; lastKnownFileType = sourcecode.swift; path = BubbleView.swift; sourceTree = "<group>"; };
		8425F6CF2976E0A30090CBB3 /* CoachMark.swift */ = {isa = PBXFileReference; fileEncoding = 4; lastKnownFileType = sourcecode.swift; path = CoachMark.swift; sourceTree = "<group>"; };
		8425F6D42976E0B20090CBB3 /* Main.storyboard */ = {isa = PBXFileReference; fileEncoding = 4; lastKnownFileType = file.storyboard; path = Main.storyboard; sourceTree = "<group>"; };
/* End PBXFileReference section */

/* Begin PBXFrameworksBuildPhase section */
		8425F6AF2976E0950090CBB3 /* Frameworks */ = {
			isa = PBXFrameworksBuildPhase;
			buildActionMask = 2147483647;
			files = (
			);
			runOnlyForDeploymentPostprocessing = 0;
		};
/* End PBXFrameworksBuildPhase section */

/* Begin PBXGroup section */
		8425F6A92976E0950090CBB3 = {
			isa = PBXGroup;
			children = (
				8425F6B42976E0950090CBB3 /* CoachMarks */,
				8425F6B32976E0950090CBB3 /* Products */,
			);
			sourceTree = "<group>";
		};
		8425F6B32976E0950090CBB3 /* Products */ = {
			isa = PBXGroup;
			children = (
				8425F6B22976E0950090CBB3 /* CoachMarks.app */,
			);
			name = Products;
			sourceTree = "<group>";
		};
		8425F6B42976E0950090CBB3 /* CoachMarks */ = {
			isa = PBXGroup;
			children = (
				8425F6C92976E0A30090CBB3 /* Source */,
				8425F6B52976E0950090CBB3 /* AppDelegate.swift */,
				8425F6B72976E0950090CBB3 /* SceneDelegate.swift */,
				8425F6B92976E0950090CBB3 /* ViewController.swift */,
				8425F6D42976E0B20090CBB3 /* Main.storyboard */,
				8425F6BE2976E0970090CBB3 /* Assets.xcassets */,
				8425F6C02976E0970090CBB3 /* LaunchScreen.storyboard */,
				8425F6C32976E0970090CBB3 /* Info.plist */,
			);
			path = CoachMarks;
			sourceTree = "<group>";
		};
		8425F6C92976E0A30090CBB3 /* Source */ = {
			isa = PBXGroup;
			children = (
				8425F6CA2976E0A30090CBB3 /* CoachMarksView.swift */,
				8425F6CB2976E0A30090CBB3 /* FocusView.swift */,
				8425F6CC2976E0A30090CBB3 /* CoachMarks */,
				8425F6CD2976E0A30090CBB3 /* CoachMarksTests */,
				8425F6CE2976E0A30090CBB3 /* BubbleView.swift */,
				8425F6CF2976E0A30090CBB3 /* CoachMark.swift */,
			);
			path = Source;
			sourceTree = "<group>";
		};
		8425F6CC2976E0A30090CBB3 /* CoachMarks */ = {
			isa = PBXGroup;
			children = (
			);
			path = CoachMarks;
			sourceTree = "<group>";
		};
		8425F6CD2976E0A30090CBB3 /* CoachMarksTests */ = {
			isa = PBXGroup;
			children = (
			);
			path = CoachMarksTests;
			sourceTree = "<group>";
		};
/* End PBXGroup section */

/* Begin PBXNativeTarget section */
		8425F6B12976E0950090CBB3 /* CoachMarks */ = {
			isa = PBXNativeTarget;
			buildConfigurationList = 8425F6C62976E0970090CBB3 /* Build configuration list for PBXNativeTarget "CoachMarks" */;
			buildPhases = (
				8425F6AE2976E0950090CBB3 /* Sources */,
				8425F6AF2976E0950090CBB3 /* Frameworks */,
				8425F6B02976E0950090CBB3 /* Resources */,
			);
			buildRules = (
			);
			dependencies = (
			);
			name = CoachMarks;
			productName = CoachMarks;
			productReference = 8425F6B22976E0950090CBB3 /* CoachMarks.app */;
			productType = "com.apple.product-type.application";
		};
/* End PBXNativeTarget section */

/* Begin PBXProject section */
		8425F6AA2976E0950090CBB3 /* Project object */ = {
			isa = PBXProject;
			attributes = {
				BuildIndependentTargetsInParallel = 1;
				LastSwiftUpdateCheck = 1310;
				LastUpgradeCheck = 1310;
				TargetAttributes = {
					8425F6B12976E0950090CBB3 = {
						CreatedOnToolsVersion = 13.1;
					};
				};
			};
			buildConfigurationList = 8425F6AD2976E0950090CBB3 /* Build configuration list for PBXProject "CoachMarks" */;
			compatibilityVersion = "Xcode 13.0";
			developmentRegion = en;
			hasScannedForEncodings = 0;
			knownRegions = (
				en,
				Base,
			);
			mainGroup = 8425F6A92976E0950090CBB3;
			productRefGroup = 8425F6B32976E0950090CBB3 /* Products */;
			projectDirPath = "";
			projectRoot = "";
			targets = (
				8425F6B12976E0950090CBB3 /* CoachMarks */,
			);
		};
/* End PBXProject section */

/* Begin PBXResourcesBuildPhase section */
		8425F6B02976E0950090CBB3 /* Resources */ = {
			isa = PBXResourcesBuildPhase;
			buildActionMask = 2147483647;
			files = (
				8425F6D52976E0B20090CBB3 /* Main.storyboard in Resources */,
				8425F6C22976E0970090CBB3 /* LaunchScreen.storyboard in Resources */,
				8425F6BF2976E0970090CBB3 /* Assets.xcassets in Resources */,
			);
			runOnlyForDeploymentPostprocessing = 0;
		};
/* End PBXResourcesBuildPhase section */

/* Begin PBXSourcesBuildPhase section */
		8425F6AE2976E0950090CBB3 /* Sources */ = {
			isa = PBXSourcesBuildPhase;
			buildActionMask = 2147483647;
			files = (
				8425F6D22976E0A30090CBB3 /* BubbleView.swift in Sources */,
				8425F6BA2976E0950090CBB3 /* ViewController.swift in Sources */,
				8425F6B62976E0950090CBB3 /* AppDelegate.swift in Sources */,
				8425F6D02976E0A30090CBB3 /* CoachMarksView.swift in Sources */,
				8425F6B82976E0950090CBB3 /* SceneDelegate.swift in Sources */,
				8425F6D32976E0A30090CBB3 /* CoachMark.swift in Sources */,
				8425F6D12976E0A30090CBB3 /* FocusView.swift in Sources */,
			);
			runOnlyForDeploymentPostprocessing = 0;
		};
/* End PBXSourcesBuildPhase section */

/* Begin PBXVariantGroup section */
		8425F6C02976E0970090CBB3 /* LaunchScreen.storyboard */ = {
			isa = PBXVariantGroup;
			children = (
				8425F6C12976E0970090CBB3 /* Base */,
			);
			name = LaunchScreen.storyboard;
			sourceTree = "<group>";
		};
/* End PBXVariantGroup section */

/* Begin XCBuildConfiguration section */
		8425F6C42976E0970090CBB3 /* Debug */ = {
			isa = XCBuildConfiguration;
			buildSettings = {
				ALWAYS_SEARCH_USER_PATHS = NO;
				CLANG_ANALYZER_NONNULL = YES;
				CLANG_ANALYZER_NUMBER_OBJECT_CONVERSION = YES_AGGRESSIVE;
				CLANG_CXX_LANGUAGE_STANDARD = "gnu++17";
				CLANG_CXX_LIBRARY = "libc++";
				CLANG_ENABLE_MODULES = YES;
				CLANG_ENABLE_OBJC_ARC = YES;
				CLANG_ENABLE_OBJC_WEAK = YES;
				CLANG_WARN_BLOCK_CAPTURE_AUTORELEASING = YES;
				CLANG_WARN_BOOL_CONVERSION = YES;
				CLANG_WARN_COMMA = YES;
				CLANG_WARN_CONSTANT_CONVERSION = YES;
				CLANG_WARN_DEPRECATED_OBJC_IMPLEMENTATIONS = YES;
				CLANG_WARN_DIRECT_OBJC_ISA_USAGE = YES_ERROR;
				CLANG_WARN_DOCUMENTATION_COMMENTS = YES;
				CLANG_WARN_EMPTY_BODY = YES;
				CLANG_WARN_ENUM_CONVERSION = YES;
				CLANG_WARN_INFINITE_RECURSION = YES;
				CLANG_WARN_INT_CONVERSION = YES;
				CLANG_WARN_NON_LITERAL_NULL_CONVERSION = YES;
				CLANG_WARN_OBJC_IMPLICIT_RETAIN_SELF = YES;
				CLANG_WARN_OBJC_LITERAL_CONVERSION = YES;
				CLANG_WARN_OBJC_ROOT_CLASS = YES_ERROR;
				CLANG_WARN_QUOTED_INCLUDE_IN_FRAMEWORK_HEADER = YES;
				CLANG_WARN_RANGE_LOOP_ANALYSIS = YES;
				CLANG_WARN_STRICT_PROTOTYPES = YES;
				CLANG_WARN_SUSPICIOUS_MOVE = YES;
				CLANG_WARN_UNGUARDED_AVAILABILITY = YES_AGGRESSIVE;
				CLANG_WARN_UNREACHABLE_CODE = YES;
				CLANG_WARN__DUPLICATE_METHOD_MATCH = YES;
				COPY_PHASE_STRIP = NO;
				DEBUG_INFORMATION_FORMAT = dwarf;
				ENABLE_STRICT_OBJC_MSGSEND = YES;
				ENABLE_TESTABILITY = YES;
				GCC_C_LANGUAGE_STANDARD = gnu11;
				GCC_DYNAMIC_NO_PIC = NO;
				GCC_NO_COMMON_BLOCKS = YES;
				GCC_OPTIMIZATION_LEVEL = 0;
				GCC_PREPROCESSOR_DEFINITIONS = (
					"DEBUG=1",
					"$(inherited)",
				);
				GCC_WARN_64_TO_32_BIT_CONVERSION = YES;
				GCC_WARN_ABOUT_RETURN_TYPE = YES_ERROR;
				GCC_WARN_UNDECLARED_SELECTOR = YES;
				GCC_WARN_UNINITIALIZED_AUTOS = YES_AGGRESSIVE;
				GCC_WARN_UNUSED_FUNCTION = YES;
				GCC_WARN_UNUSED_VARIABLE = YES;
				IPHONEOS_DEPLOYMENT_TARGET = 15.0;
				MTL_ENABLE_DEBUG_INFO = INCLUDE_SOURCE;
				MTL_FAST_MATH = YES;
				ONLY_ACTIVE_ARCH = YES;
				SDKROOT = iphoneos;
				SWIFT_ACTIVE_COMPILATION_CONDITIONS = DEBUG;
				SWIFT_OPTIMIZATION_LEVEL = "-Onone";
			};
			name = Debug;
		};
		8425F6C52976E0970090CBB3 /* Release */ = {
			isa = XCBuildConfiguration;
			buildSettings = {
				ALWAYS_SEARCH_USER_PATHS = NO;
				CLANG_ANALYZER_NONNULL = YES;
				CLANG_ANALYZER_NUMBER_OBJECT_CONVERSION = YES_AGGRESSIVE;
				CLANG_CXX_LANGUAGE_STANDARD = "gnu++17";
				CLANG_CXX_LIBRARY = "libc++";
				CLANG_ENABLE_MODULES = YES;
				CLANG_ENABLE_OBJC_ARC = YES;
				CLANG_ENABLE_OBJC_WEAK = YES;
				CLANG_WARN_BLOCK_CAPTURE_AUTORELEASING = YES;
				CLANG_WARN_BOOL_CONVERSION = YES;
				CLANG_WARN_COMMA = YES;
				CLANG_WARN_CONSTANT_CONVERSION = YES;
				CLANG_WARN_DEPRECATED_OBJC_IMPLEMENTATIONS = YES;
				CLANG_WARN_DIRECT_OBJC_ISA_USAGE = YES_ERROR;
				CLANG_WARN_DOCUMENTATION_COMMENTS = YES;
				CLANG_WARN_EMPTY_BODY = YES;
				CLANG_WARN_ENUM_CONVERSION = YES;
				CLANG_WARN_INFINITE_RECURSION = YES;
				CLANG_WARN_INT_CONVERSION = YES;
				CLANG_WARN_NON_LITERAL_NULL_CONVERSION = YES;
				CLANG_WARN_OBJC_IMPLICIT_RETAIN_SELF = YES;
				CLANG_WARN_OBJC_LITERAL_CONVERSION = YES;
				CLANG_WARN_OBJC_ROOT_CLASS = YES_ERROR;
				CLANG_WARN_QUOTED_INCLUDE_IN_FRAMEWORK_HEADER = YES;
				CLANG_WARN_RANGE_LOOP_ANALYSIS = YES;
				CLANG_WARN_STRICT_PROTOTYPES = YES;
				CLANG_WARN_SUSPICIOUS_MOVE = YES;
				CLANG_WARN_UNGUARDED_AVAILABILITY = YES_AGGRESSIVE;
				CLANG_WARN_UNREACHABLE_CODE = YES;
				CLANG_WARN__DUPLICATE_METHOD_MATCH = YES;
				COPY_PHASE_STRIP = NO;
				DEBUG_INFORMATION_FORMAT = "dwarf-with-dsym";
				ENABLE_NS_ASSERTIONS = NO;
				ENABLE_STRICT_OBJC_MSGSEND = YES;
				GCC_C_LANGUAGE_STANDARD = gnu11;
				GCC_NO_COMMON_BLOCKS = YES;
				GCC_WARN_64_TO_32_BIT_CONVERSION = YES;
				GCC_WARN_ABOUT_RETURN_TYPE = YES_ERROR;
				GCC_WARN_UNDECLARED_SELECTOR = YES;
				GCC_WARN_UNINITIALIZED_AUTOS = YES_AGGRESSIVE;
				GCC_WARN_UNUSED_FUNCTION = YES;
				GCC_WARN_UNUSED_VARIABLE = YES;
				IPHONEOS_DEPLOYMENT_TARGET = 15.0;
				MTL_ENABLE_DEBUG_INFO = NO;
				MTL_FAST_MATH = YES;
				SDKROOT = iphoneos;
				SWIFT_COMPILATION_MODE = wholemodule;
				SWIFT_OPTIMIZATION_LEVEL = "-O";
				VALIDATE_PRODUCT = YES;
			};
			name = Release;
		};
		8425F6C72976E0970090CBB3 /* Debug */ = {
			isa = XCBuildConfiguration;
			buildSettings = {
				ASSETCATALOG_COMPILER_APPICON_NAME = AppIcon;
				ASSETCATALOG_COMPILER_GLOBAL_ACCENT_COLOR_NAME = AccentColor;
				CODE_SIGN_STYLE = Automatic;
				CURRENT_PROJECT_VERSION = 1;
				GENERATE_INFOPLIST_FILE = YES;
				INFOPLIST_FILE = CoachMarks/Info.plist;
				INFOPLIST_KEY_UIApplicationSupportsIndirectInputEvents = YES;
				INFOPLIST_KEY_UILaunchStoryboardName = LaunchScreen;
				INFOPLIST_KEY_UIMainStoryboardFile = Main;
				INFOPLIST_KEY_UISupportedInterfaceOrientations_iPad = "UIInterfaceOrientationPortrait UIInterfaceOrientationPortraitUpsideDown UIInterfaceOrientationLandscapeLeft UIInterfaceOrientationLandscapeRight";
				INFOPLIST_KEY_UISupportedInterfaceOrientations_iPhone = "UIInterfaceOrientationPortrait UIInterfaceOrientationLandscapeLeft UIInterfaceOrientationLandscapeRight";
				LD_RUNPATH_SEARCH_PATHS = (
					"$(inherited)",
					"@executable_path/Frameworks",
				);
				MARKETING_VERSION = 1.0;
				PRODUCT_BUNDLE_IDENTIFIER = com.gagan.CoachMarks;
				PRODUCT_NAME = "$(TARGET_NAME)";
				SWIFT_EMIT_LOC_STRINGS = YES;
				SWIFT_VERSION = 5.0;
				TARGETED_DEVICE_FAMILY = "1,2";
			};
			name = Debug;
		};
		8425F6C82976E0970090CBB3 /* Release */ = {
			isa = XCBuildConfiguration;
			buildSettings = {
				ASSETCATALOG_COMPILER_APPICON_NAME = AppIcon;
				ASSETCATALOG_COMPILER_GLOBAL_ACCENT_COLOR_NAME = AccentColor;
				CODE_SIGN_STYLE = Automatic;
				CURRENT_PROJECT_VERSION = 1;
				GENERATE_INFOPLIST_FILE = YES;
				INFOPLIST_FILE = CoachMarks/Info.plist;
				INFOPLIST_KEY_UIApplicationSupportsIndirectInputEvents = YES;
				INFOPLIST_KEY_UILaunchStoryboardName = LaunchScreen;
				INFOPLIST_KEY_UIMainStoryboardFile = Main;
				INFOPLIST_KEY_UISupportedInterfaceOrientations_iPad = "UIInterfaceOrientationPortrait UIInterfaceOrientationPortraitUpsideDown UIInterfaceOrientationLandscapeLeft UIInterfaceOrientationLandscapeRight";
				INFOPLIST_KEY_UISupportedInterfaceOrientations_iPhone = "UIInterfaceOrientationPortrait UIInterfaceOrientationLandscapeLeft UIInterfaceOrientationLandscapeRight";
				LD_RUNPATH_SEARCH_PATHS = (
					"$(inherited)",
					"@executable_path/Frameworks",
				);
				MARKETING_VERSION = 1.0;
				PRODUCT_BUNDLE_IDENTIFIER = com.gagan.CoachMarks;
				PRODUCT_NAME = "$(TARGET_NAME)";
				SWIFT_EMIT_LOC_STRINGS = YES;
				SWIFT_VERSION = 5.0;
				TARGETED_DEVICE_FAMILY = "1,2";
			};
			name = Release;
		};
/* End XCBuildConfiguration section */

/* Begin XCConfigurationList section */
		8425F6AD2976E0950090CBB3 /* Build configuration list for PBXProject "CoachMarks" */ = {
			isa = XCConfigurationList;
			buildConfigurations = (
				8425F6C42976E0970090CBB3 /* Debug */,
				8425F6C52976E0970090CBB3 /* Release */,
			);
			defaultConfigurationIsVisible = 0;
			defaultConfigurationName = Release;
		};
		8425F6C62976E0970090CBB3 /* Build configuration list for PBXNativeTarget "CoachMarks" */ = {
			isa = XCConfigurationList;
			buildConfigurations = (
				8425F6C72976E0970090CBB3 /* Debug */,
				8425F6C82976E0970090CBB3 /* Release */,
			);
			defaultConfigurationIsVisible = 0;
			defaultConfigurationName = Release;
		};
/* End XCConfigurationList section */
	};
	rootObject = 8425F6AA2976E0950090CBB3 /* Project object */;
}
